
Microsoft Visual Studio Solution File, Format Version 12.00
# Visual Studio 15
VisualStudioVersion = 15.0.28307.438
MinimumVisualStudioVersion = 10.0.40219.1
Project("{2150E333-8FDC-42A3-9474-1A3956D46DE8}") = "Solution Items", "Solution Items", "{5AB24153-1730-44B5-AE78-43A206192709}"
	ProjectSection(SolutionItems) = preProject
		.gitignore = .gitignore
		apue.h = apue.h
		README.md = README.md
	EndProjectSection
EndProject
Project("{2150E333-8FDC-42A3-9474-1A3956D46DE8}") = "chapter1", "chapter1", "{18A92AA3-AAAA-4A3F-8F2A-619134DF1026}"
EndProject
Project("{8BC9CEB8-8B4A-11D0-8D11-00A0C91BC942}") = "1.4", "chapter1\1.4\1.4.vcxproj", "{D8D1CBBB-E67C-4472-BF80-EB25BBFC173C}"
EndProject
Project("{8BC9CEB8-8B4A-11D0-8D11-00A0C91BC942}") = "1.5.1", "chapter1\1.5.1\1.5.1.vcxproj", "{3E3516AD-0857-4F05-95EF-AD0BC915DC7A}"
EndProject
Project("{8BC9CEB8-8B4A-11D0-8D11-00A0C91BC942}") = "1.6.1", "chapter1\1.6.1\1.6.1.vcxproj", "{6762D6B6-5D11-40B7-944D-CCCACE81CBFB}"
EndProject
Project("{8BC9CEB8-8B4A-11D0-8D11-00A0C91BC942}") = "1.6.2", "chapter1\1.6.2\1.6.2.vcxproj", "{7664AF6A-7A8E-4B18-8118-AF4C6CBCB0C8}"
EndProject
Global
	GlobalSection(SolutionConfigurationPlatforms) = preSolution
		Debug|ARM = Debug|ARM
		Debug|ARM64 = Debug|ARM64
		Debug|x64 = Debug|x64
		Debug|x86 = Debug|x86
		Release|ARM = Release|ARM
		Release|ARM64 = Release|ARM64
		Release|x64 = Release|x64
		Release|x86 = Release|x86
	EndGlobalSection
	GlobalSection(ProjectConfigurationPlatforms) = postSolution
		{D8D1CBBB-E67C-4472-BF80-EB25BBFC173C}.Debug|ARM.ActiveCfg = Debug|ARM
		{D8D1CBBB-E67C-4472-BF80-EB25BBFC173C}.Debug|ARM.Build.0 = Debug|ARM
		{D8D1CBBB-E67C-4472-BF80-EB25BBFC173C}.Debug|ARM64.ActiveCfg = Debug|ARM64
		{D8D1CBBB-E67C-4472-BF80-EB25BBFC173C}.Debug|ARM64.Build.0 = Debug|ARM64
		{D8D1CBBB-E67C-4472-BF80-EB25BBFC173C}.Debug|x64.ActiveCfg = Debug|x64
		{D8D1CBBB-E67C-4472-BF80-EB25BBFC173C}.Debug|x64.Build.0 = Debug|x64
		{D8D1CBBB-E67C-4472-BF80-EB25BBFC173C}.Debug|x86.ActiveCfg = Debug|x86
		{D8D1CBBB-E67C-4472-BF80-EB25BBFC173C}.Debug|x86.Build.0 = Debug|x86
		{D8D1CBBB-E67C-4472-BF80-EB25BBFC173C}.Release|ARM.ActiveCfg = Release|ARM
		{D8D1CBBB-E67C-4472-BF80-EB25BBFC173C}.Release|ARM.Build.0 = Release|ARM
		{D8D1CBBB-E67C-4472-BF80-EB25BBFC173C}.Release|ARM64.ActiveCfg = Release|ARM64
		{D8D1CBBB-E67C-4472-BF80-EB25BBFC173C}.Release|ARM64.Build.0 = Release|ARM64
		{D8D1CBBB-E67C-4472-BF80-EB25BBFC173C}.Release|x64.ActiveCfg = Release|x64
		{D8D1CBBB-E67C-4472-BF80-EB25BBFC173C}.Release|x64.Build.0 = Release|x64
		{D8D1CBBB-E67C-4472-BF80-EB25BBFC173C}.Release|x86.ActiveCfg = Release|x86
		{D8D1CBBB-E67C-4472-BF80-EB25BBFC173C}.Release|x86.Build.0 = Release|x86
		{3E3516AD-0857-4F05-95EF-AD0BC915DC7A}.Debug|ARM.ActiveCfg = Debug|ARM
		{3E3516AD-0857-4F05-95EF-AD0BC915DC7A}.Debug|ARM.Build.0 = Debug|ARM
		{3E3516AD-0857-4F05-95EF-AD0BC915DC7A}.Debug|ARM64.ActiveCfg = Debug|ARM64
		{3E3516AD-0857-4F05-95EF-AD0BC915DC7A}.Debug|ARM64.Build.0 = Debug|ARM64
		{3E3516AD-0857-4F05-95EF-AD0BC915DC7A}.Debug|x64.ActiveCfg = Debug|x64
		{3E3516AD-0857-4F05-95EF-AD0BC915DC7A}.Debug|x64.Build.0 = Debug|x64
		{3E3516AD-0857-4F05-95EF-AD0BC915DC7A}.Debug|x86.ActiveCfg = Debug|x86
		{3E3516AD-0857-4F05-95EF-AD0BC915DC7A}.Debug|x86.Build.0 = Debug|x86
		{3E3516AD-0857-4F05-95EF-AD0BC915DC7A}.Release|ARM.ActiveCfg = Release|ARM
		{3E3516AD-0857-4F05-95EF-AD0BC915DC7A}.Release|ARM.Build.0 = Release|ARM
		{3E3516AD-0857-4F05-95EF-AD0BC915DC7A}.Release|ARM64.ActiveCfg = Release|ARM64
		{3E3516AD-0857-4F05-95EF-AD0BC915DC7A}.Release|ARM64.Build.0 = Release|ARM64
		{3E3516AD-0857-4F05-95EF-AD0BC915DC7A}.Release|x64.ActiveCfg = Release|x64
		{3E3516AD-0857-4F05-95EF-AD0BC915DC7A}.Release|x64.Build.0 = Release|x64
		{3E3516AD-0857-4F05-95EF-AD0BC915DC7A}.Release|x86.ActiveCfg = Release|x86
		{3E3516AD-0857-4F05-95EF-AD0BC915DC7A}.Release|x86.Build.0 = Release|x86
		{6762D6B6-5D11-40B7-944D-CCCACE81CBFB}.Debug|ARM.ActiveCfg = Debug|ARM
		{6762D6B6-5D11-40B7-944D-CCCACE81CBFB}.Debug|ARM.Build.0 = Debug|ARM
		{6762D6B6-5D11-40B7-944D-CCCACE81CBFB}.Debug|ARM64.ActiveCfg = Debug|ARM64
		{6762D6B6-5D11-40B7-944D-CCCACE81CBFB}.Debug|ARM64.Build.0 = Debug|ARM64
		{6762D6B6-5D11-40B7-944D-CCCACE81CBFB}.Debug|x64.ActiveCfg = Debug|x64
		{6762D6B6-5D11-40B7-944D-CCCACE81CBFB}.Debug|x64.Build.0 = Debug|x64
		{6762D6B6-5D11-40B7-944D-CCCACE81CBFB}.Debug|x86.ActiveCfg = Debug|x86
		{6762D6B6-5D11-40B7-944D-CCCACE81CBFB}.Debug|x86.Build.0 = Debug|x86
		{6762D6B6-5D11-40B7-944D-CCCACE81CBFB}.Release|ARM.ActiveCfg = Release|ARM
		{6762D6B6-5D11-40B7-944D-CCCACE81CBFB}.Release|ARM.Build.0 = Release|ARM
		{6762D6B6-5D11-40B7-944D-CCCACE81CBFB}.Release|ARM64.ActiveCfg = Release|ARM64
		{6762D6B6-5D11-40B7-944D-CCCACE81CBFB}.Release|ARM64.Build.0 = Release|ARM64
		{6762D6B6-5D11-40B7-944D-CCCACE81CBFB}.Release|x64.ActiveCfg = Release|x64
		{6762D6B6-5D11-40B7-944D-CCCACE81CBFB}.Release|x64.Build.0 = Release|x64
		{6762D6B6-5D11-40B7-944D-CCCACE81CBFB}.Release|x86.ActiveCfg = Release|x86
		{6762D6B6-5D11-40B7-944D-CCCACE81CBFB}.Release|x86.Build.0 = Release|x86
		{7664AF6A-7A8E-4B18-8118-AF4C6CBCB0C8}.Debug|ARM.ActiveCfg = Debug|ARM
		{7664AF6A-7A8E-4B18-8118-AF4C6CBCB0C8}.Debug|ARM.Build.0 = Debug|ARM
		{7664AF6A-7A8E-4B18-8118-AF4C6CBCB0C8}.Debug|ARM64.ActiveCfg = Debug|ARM64
		{7664AF6A-7A8E-4B18-8118-AF4C6CBCB0C8}.Debug|ARM64.Build.0 = Debug|ARM64
		{7664AF6A-7A8E-4B18-8118-AF4C6CBCB0C8}.Debug|x64.ActiveCfg = Debug|x64
		{7664AF6A-7A8E-4B18-8118-AF4C6CBCB0C8}.Debug|x64.Build.0 = Debug|x64
		{7664AF6A-7A8E-4B18-8118-AF4C6CBCB0C8}.Debug|x86.ActiveCfg = Debug|x86
		{7664AF6A-7A8E-4B18-8118-AF4C6CBCB0C8}.Debug|x86.Build.0 = Debug|x86
		{7664AF6A-7A8E-4B18-8118-AF4C6CBCB0C8}.Release|ARM.ActiveCfg = Release|ARM
		{7664AF6A-7A8E-4B18-8118-AF4C6CBCB0C8}.Release|ARM.Build.0 = Release|ARM
		{7664AF6A-7A8E-4B18-8118-AF4C6CBCB0C8}.Release|ARM64.ActiveCfg = Release|ARM64
		{7664AF6A-7A8E-4B18-8118-AF4C6CBCB0C8}.Release|ARM64.Build.0 = Release|ARM64
		{7664AF6A-7A8E-4B18-8118-AF4C6CBCB0C8}.Release|x64.ActiveCfg = Release|x64
		{7664AF6A-7A8E-4B18-8118-AF4C6CBCB0C8}.Release|x64.Build.0 = Release|x64
		{7664AF6A-7A8E-4B18-8118-AF4C6CBCB0C8}.Release|x86.ActiveCfg = Release|x86
		{7664AF6A-7A8E-4B18-8118-AF4C6CBCB0C8}.Release|x86.Build.0 = Release|x86
	EndGlobalSection
	GlobalSection(SolutionProperties) = preSolution
		HideSolutionNode = FALSE
	EndGlobalSection
	GlobalSection(NestedProjects) = preSolution
		{D8D1CBBB-E67C-4472-BF80-EB25BBFC173C} = {18A92AA3-AAAA-4A3F-8F2A-619134DF1026}
		{3E3516AD-0857-4F05-95EF-AD0BC915DC7A} = {18A92AA3-AAAA-4A3F-8F2A-619134DF1026}
		{6762D6B6-5D11-40B7-944D-CCCACE81CBFB} = {18A92AA3-AAAA-4A3F-8F2A-619134DF1026}
		{7664AF6A-7A8E-4B18-8118-AF4C6CBCB0C8} = {18A92AA3-AAAA-4A3F-8F2A-619134DF1026}
	EndGlobalSection
	GlobalSection(ExtensibilityGlobals) = postSolution
		SolutionGuid = {319D71C6-656C-4A7B-8CEC-3F4DED7432B4}
	EndGlobalSection
EndGlobal
